
Microsoft Visual Studio Solution File, Format Version 12.00
# Visual Studio Version 16
VisualStudioVersion = 16.0.31129.286
MinimumVisualStudioVersion = 10.0.40219.1
Project("{9A19103F-16F7-4668-BE54-9A1E7A4F7556}") = "Services", "Services\Services.csproj", "{E1351DFD-7B8C-4AD5-867B-DC547959B090}"
EndProject
Project("{9A19103F-16F7-4668-BE54-9A1E7A4F7556}") = "RollableTables.Wpf", "RollableTables.Wpf\RollableTables.Wpf.csproj", "{99037989-0DA7-4DF3-8BE4-D8BE4EE477F7}"
EndProject
Project("{FAE04EC0-301F-11D3-BF4B-00C04F79EFBC}") = "RollableTalbes.Setup", "RollableTalbes.Setup\RollableTalbes.Setup.csproj", "{802F9490-F87F-42B9-9CE5-24BEBEC92096}"
EndProject
Global
	GlobalSection(SolutionConfigurationPlatforms) = preSolution
		Debug|Any CPU = Debug|Any CPU
		Release|Any CPU = Release|Any CPU
	EndGlobalSection
	GlobalSection(ProjectConfigurationPlatforms) = postSolution
		{E1351DFD-7B8C-4AD5-867B-DC547959B090}.Debug|Any CPU.ActiveCfg = Debug|Any CPU
		{E1351DFD-7B8C-4AD5-867B-DC547959B090}.Debug|Any CPU.Build.0 = Debug|Any CPU
		{E1351DFD-7B8C-4AD5-867B-DC547959B090}.Release|Any CPU.ActiveCfg = Release|Any CPU
		{E1351DFD-7B8C-4AD5-867B-DC547959B090}.Release|Any CPU.Build.0 = Release|Any CPU
		{99037989-0DA7-4DF3-8BE4-D8BE4EE477F7}.Debug|Any CPU.ActiveCfg = Debug|Any CPU
		{99037989-0DA7-4DF3-8BE4-D8BE4EE477F7}.Debug|Any CPU.Build.0 = Debug|Any CPU
		{99037989-0DA7-4DF3-8BE4-D8BE4EE477F7}.Release|Any CPU.ActiveCfg = Release|Any CPU
		{99037989-0DA7-4DF3-8BE4-D8BE4EE477F7}.Release|Any CPU.Build.0 = Release|Any CPU
		{802F9490-F87F-42B9-9CE5-24BEBEC92096}.Debug|Any CPU.ActiveCfg = Debug|Any CPU
		{802F9490-F87F-42B9-9CE5-24BEBEC92096}.Debug|Any CPU.Build.0 = Debug|Any CPU
		{802F9490-F87F-42B9-9CE5-24BEBEC92096}.Release|Any CPU.ActiveCfg = Release|Any CPU
		{802F9490-F87F-42B9-9CE5-24BEBEC92096}.Release|Any CPU.Build.0 = Release|Any CPU
	EndGlobalSection
	GlobalSection(SolutionProperties) = preSolution
		HideSolutionNode = FALSE
	EndGlobalSection
	GlobalSection(ExtensibilityGlobals) = postSolution
		SolutionGuid = {224F91FE-BBB9-42AB-A84D-8ABE79E2762F}
	EndGlobalSection
EndGlobal
